// !$*UTF8*$!
{
	archiveVersion = 1;
	classes = {
	};
	objectVersion = 56;
	objects = {

/* Begin PBXBuildFile section */
		36C087ED2C914EFE00271114 /* LearnXCTWaiter.swift in Sources */ = {isa = PBXBuildFile; fileRef = 36C087EC2C914EFE00271114 /* LearnXCTWaiter.swift */; };
		36C6DE722C5DEFEF00372FCF /* LearnComparableAssertionTests.swift in Sources */ = {isa = PBXBuildFile; fileRef = 36C6DE712C5DEFEF00372FCF /* LearnComparableAssertionTests.swift */; };
		36C6DE742C5DF9BD00372FCF /* LearnErrorAssertionTests.swift in Sources */ = {isa = PBXBuildFile; fileRef = 36C6DE732C5DF9BD00372FCF /* LearnErrorAssertionTests.swift */; };
		36C6DE762C5DFC2300372FCF /* LearnUnconditionalFailureTests.swift in Sources */ = {isa = PBXBuildFile; fileRef = 36C6DE752C5DFC2300372FCF /* LearnUnconditionalFailureTests.swift */; };
		36C6DE782C5E03F800372FCF /* LearnExpectedFailuresTests.swift in Sources */ = {isa = PBXBuildFile; fileRef = 36C6DE772C5E03F800372FCF /* LearnExpectedFailuresTests.swift */; };
		36D1A7142C5F67E4003F3CA5 /* LearnSkippingMethodTests.swift in Sources */ = {isa = PBXBuildFile; fileRef = 36D1A7132C5F67E4003F3CA5 /* LearnSkippingMethodTests.swift */; };
		36DCAEED2CA3B5A9003968C4 /* LearnXCUIElementsTests.swift in Sources */ = {isa = PBXBuildFile; fileRef = 36DCAEEC2CA3B5A9003968C4 /* LearnXCUIElementsTests.swift */; };
		36E807032C8C12C400A2F499 /* LearnXCTNotificationExpectation.swift in Sources */ = {isa = PBXBuildFile; fileRef = 36E807022C8C12C400A2F499 /* LearnXCTNotificationExpectation.swift */; };
		82B1BFF82C059E7200CFF09B /* AppDelegate.swift in Sources */ = {isa = PBXBuildFile; fileRef = 82B1BFF72C059E7200CFF09B /* AppDelegate.swift */; };
		82B1BFFA2C059E7200CFF09B /* SceneDelegate.swift in Sources */ = {isa = PBXBuildFile; fileRef = 82B1BFF92C059E7200CFF09B /* SceneDelegate.swift */; };
		82B1BFFC2C059E7200CFF09B /* ViewController.swift in Sources */ = {isa = PBXBuildFile; fileRef = 82B1BFFB2C059E7200CFF09B /* ViewController.swift */; };
		82B1BFFF2C059E7200CFF09B /* Main.storyboard in Resources */ = {isa = PBXBuildFile; fileRef = 82B1BFFD2C059E7200CFF09B /* Main.storyboard */; };
		82B1C0012C059E7400CFF09B /* Assets.xcassets in Resources */ = {isa = PBXBuildFile; fileRef = 82B1C0002C059E7400CFF09B /* Assets.xcassets */; };
		82B1C0042C059E7400CFF09B /* LaunchScreen.storyboard in Resources */ = {isa = PBXBuildFile; fileRef = 82B1C0022C059E7400CFF09B /* LaunchScreen.storyboard */; };
		82B1C0192C059E7400CFF09B /* XCTestLearnUITests.swift in Sources */ = {isa = PBXBuildFile; fileRef = 82B1C0182C059E7400CFF09B /* XCTestLearnUITests.swift */; };
		82B1C01B2C059E7400CFF09B /* XCTestLearnUITestsLaunchTests.swift in Sources */ = {isa = PBXBuildFile; fileRef = 82B1C01A2C059E7400CFF09B /* XCTestLearnUITestsLaunchTests.swift */; };
		9F0DAEB32C9BCB8700575121 /* LearnXCUIElementTypeQueryProviderTests.swift in Sources */ = {isa = PBXBuildFile; fileRef = 9F0DAEB22C9BCB8700575121 /* LearnXCUIElementTypeQueryProviderTests.swift */; };
		9F189C742CAE3C1100651DBB /* LearnXCUICoordinatesTests.swift in Sources */ = {isa = PBXBuildFile; fileRef = 9F189C732CAE3C1100651DBB /* LearnXCUICoordinatesTests.swift */; };
		9F1A04952CAB9FD90044C721 /* LearnXCUIElementAttributesTests.swift in Sources */ = {isa = PBXBuildFile; fileRef = 9F1A04942CAB9FD90044C721 /* LearnXCUIElementAttributesTests.swift */; };
		9F1A04972CABA6150044C721 /* LearnXCUIElementSnapshotTests.swift in Sources */ = {isa = PBXBuildFile; fileRef = 9F1A04962CABA6150044C721 /* LearnXCUIElementSnapshotTests.swift */; };
		9F23851F2C72F212006D8B06 /* LearnXCTestExpectation.swift in Sources */ = {isa = PBXBuildFile; fileRef = 9F23851E2C72F212006D8B06 /* LearnXCTestExpectation.swift */; };
		9F293F7A2C992F02005B3DF4 /* LearnXCUIElementQuery.swift in Sources */ = {isa = PBXBuildFile; fileRef = 9F293F792C992F02005B3DF4 /* LearnXCUIElementQuery.swift */; };
		9F8653882C573ED9002C8945 /* WaitingExpectationsTests.swift in Sources */ = {isa = PBXBuildFile; fileRef = 9F8653872C573ED9002C8945 /* WaitingExpectationsTests.swift */; };
		9F87BC2D2C59DB5400A24DA2 /* HandlingUIInteruptions.swift in Sources */ = {isa = PBXBuildFile; fileRef = 9F87BC2C2C59DB5400A24DA2 /* HandlingUIInteruptions.swift */; };
		9F9BBBFB2C8953E60027E05A /* LearnXCTKeyPathExpectation.swift in Sources */ = {isa = PBXBuildFile; fileRef = 9F9BBBFA2C8953E60027E05A /* LearnXCTKeyPathExpectation.swift */; };
		9F9EEE742CA267EE00F4B01C /* LearnXCUIApplicationTests.swift in Sources */ = {isa = PBXBuildFile; fileRef = 9F9EEE732CA267EE00F4B01C /* LearnXCUIApplicationTests.swift */; };
		9FC29C952C5B2B6E004E4F2E /* CreatingTestsProgramatically.swift in Sources */ = {isa = PBXBuildFile; fileRef = 9FC29C942C5B2B6E004E4F2E /* CreatingTestsProgramatically.swift */; };
		9FC29C982C5B3160004E4F2E /* XCTestLearn.swift in Sources */ = {isa = PBXBuildFile; fileRef = 9FC29C972C5B3160004E4F2E /* XCTestLearn.swift */; };
		9FDC04542CB185D600ADBC5E /* LearnXCUIScreenshotsTest.swift in Sources */ = {isa = PBXBuildFile; fileRef = 9FDC04532CB185D600ADBC5E /* LearnXCUIScreenshotsTest.swift */; };
		9FDC04562CB1870500ADBC5E /* LearnXCUIDeviceRemoteSimulations.swift in Sources */ = {isa = PBXBuildFile; fileRef = 9FDC04552CB1870500ADBC5E /* LearnXCUIDeviceRemoteSimulations.swift */; };
		9FDC0C732C8FEC2A002836A0 /* LearnXCTDarwinNotificationExpectation.swift in Sources */ = {isa = PBXBuildFile; fileRef = 9FDC0C722C8FEC2A002836A0 /* LearnXCTDarwinNotificationExpectation.swift */; };
		9FDC0C752C8FF154002836A0 /* LearnXCTNSPredicateExpectation.swift in Sources */ = {isa = PBXBuildFile; fileRef = 9FDC0C742C8FF154002836A0 /* LearnXCTNSPredicateExpectation.swift */; };
		9FED64CE2C86B24000B12A89 /* LearnXCTKVOExpectation.swift in Sources */ = {isa = PBXBuildFile; fileRef = 9FED64CD2C86B24000B12A89 /* LearnXCTKVOExpectation.swift */; };
		9FEF27452C5C819B00355B67 /* LearnAssertionTests.swift in Sources */ = {isa = PBXBuildFile; fileRef = 9FEF27442C5C819B00355B67 /* LearnAssertionTests.swift */; };
		9FEF27472C5C83D100355B67 /* LearnBooleanAssertionTests.swift in Sources */ = {isa = PBXBuildFile; fileRef = 9FEF27462C5C83D100355B67 /* LearnBooleanAssertionTests.swift */; };
		9FEF27492C5C871000355B67 /* LearnNilAndNonNilAssertionTests.swift in Sources */ = {isa = PBXBuildFile; fileRef = 9FEF27482C5C871000355B67 /* LearnNilAndNonNilAssertionTests.swift */; };
		9FEF274B2C5C8B4000355B67 /* LearnEqualityAndNonEqualityAssertionTests.swift in Sources */ = {isa = PBXBuildFile; fileRef = 9FEF274A2C5C8B4000355B67 /* LearnEqualityAndNonEqualityAssertionTests.swift */; };
/* End PBXBuildFile section */

/* Begin PBXContainerItemProxy section */
		82B1C0152C059E7400CFF09B /* PBXContainerItemProxy */ = {
			isa = PBXContainerItemProxy;
			containerPortal = 82B1BFEC2C059E7200CFF09B /* Project object */;
			proxyType = 1;
			remoteGlobalIDString = 82B1BFF32C059E7200CFF09B;
			remoteInfo = XCTestLearn;
		};
/* End PBXContainerItemProxy section */

/* Begin PBXFileReference section */
		36C087EC2C914EFE00271114 /* LearnXCTWaiter.swift */ = {isa = PBXFileReference; lastKnownFileType = sourcecode.swift; path = LearnXCTWaiter.swift; sourceTree = "<group>"; };
		36C6DE712C5DEFEF00372FCF /* LearnComparableAssertionTests.swift */ = {isa = PBXFileReference; lastKnownFileType = sourcecode.swift; path = LearnComparableAssertionTests.swift; sourceTree = "<group>"; };
		36C6DE732C5DF9BD00372FCF /* LearnErrorAssertionTests.swift */ = {isa = PBXFileReference; lastKnownFileType = sourcecode.swift; path = LearnErrorAssertionTests.swift; sourceTree = "<group>"; };
		36C6DE752C5DFC2300372FCF /* LearnUnconditionalFailureTests.swift */ = {isa = PBXFileReference; lastKnownFileType = sourcecode.swift; path = LearnUnconditionalFailureTests.swift; sourceTree = "<group>"; };
		36C6DE772C5E03F800372FCF /* LearnExpectedFailuresTests.swift */ = {isa = PBXFileReference; lastKnownFileType = sourcecode.swift; path = LearnExpectedFailuresTests.swift; sourceTree = "<group>"; };
		36D1A7132C5F67E4003F3CA5 /* LearnSkippingMethodTests.swift */ = {isa = PBXFileReference; lastKnownFileType = sourcecode.swift; path = LearnSkippingMethodTests.swift; sourceTree = "<group>"; };
		36DCAEEC2CA3B5A9003968C4 /* LearnXCUIElementsTests.swift */ = {isa = PBXFileReference; lastKnownFileType = sourcecode.swift; path = LearnXCUIElementsTests.swift; sourceTree = "<group>"; };
		36E807022C8C12C400A2F499 /* LearnXCTNotificationExpectation.swift */ = {isa = PBXFileReference; lastKnownFileType = sourcecode.swift; path = LearnXCTNotificationExpectation.swift; sourceTree = "<group>"; };
		824764352C09D02E00079195 /* ManageExecutionsTests.swift */ = {isa = PBXFileReference; lastKnownFileType = sourcecode.swift; path = ManageExecutionsTests.swift; sourceTree = "<group>"; };
		824764372C09DC9D00079195 /* XCTestLearn.xctestplan */ = {isa = PBXFileReference; lastKnownFileType = text; path = XCTestLearn.xctestplan; sourceTree = "<group>"; };
		826DAC752C16B68F00DA50CA /* MesasurePerformanceTests.swift */ = {isa = PBXFileReference; lastKnownFileType = sourcecode.swift; path = MesasurePerformanceTests.swift; sourceTree = "<group>"; };
		82B1BFF42C059E7200CFF09B /* XCTestLearn.app */ = {isa = PBXFileReference; explicitFileType = wrapper.application; includeInIndex = 0; path = XCTestLearn.app; sourceTree = BUILT_PRODUCTS_DIR; };
		82B1BFF72C059E7200CFF09B /* AppDelegate.swift */ = {isa = PBXFileReference; lastKnownFileType = sourcecode.swift; path = AppDelegate.swift; sourceTree = "<group>"; };
		82B1BFF92C059E7200CFF09B /* SceneDelegate.swift */ = {isa = PBXFileReference; lastKnownFileType = sourcecode.swift; path = SceneDelegate.swift; sourceTree = "<group>"; };
		82B1BFFB2C059E7200CFF09B /* ViewController.swift */ = {isa = PBXFileReference; lastKnownFileType = sourcecode.swift; path = ViewController.swift; sourceTree = "<group>"; };
		82B1BFFE2C059E7200CFF09B /* Base */ = {isa = PBXFileReference; lastKnownFileType = file.storyboard; name = Base; path = Base.lproj/Main.storyboard; sourceTree = "<group>"; };
		82B1C0002C059E7400CFF09B /* Assets.xcassets */ = {isa = PBXFileReference; lastKnownFileType = folder.assetcatalog; path = Assets.xcassets; sourceTree = "<group>"; };
		82B1C0032C059E7400CFF09B /* Base */ = {isa = PBXFileReference; lastKnownFileType = file.storyboard; name = Base; path = Base.lproj/LaunchScreen.storyboard; sourceTree = "<group>"; };
		82B1C0052C059E7400CFF09B /* Info.plist */ = {isa = PBXFileReference; lastKnownFileType = text.plist.xml; path = Info.plist; sourceTree = "<group>"; };
		82B1C00E2C059E7400CFF09B /* XCTestLearnTests.swift */ = {isa = PBXFileReference; lastKnownFileType = sourcecode.swift; path = XCTestLearnTests.swift; sourceTree = "<group>"; };
		82B1C0142C059E7400CFF09B /* XCTestLearnUITests.xctest */ = {isa = PBXFileReference; explicitFileType = wrapper.cfbundle; includeInIndex = 0; path = XCTestLearnUITests.xctest; sourceTree = BUILT_PRODUCTS_DIR; };
		82B1C0182C059E7400CFF09B /* XCTestLearnUITests.swift */ = {isa = PBXFileReference; lastKnownFileType = sourcecode.swift; path = XCTestLearnUITests.swift; sourceTree = "<group>"; };
		82B1C01A2C059E7400CFF09B /* XCTestLearnUITestsLaunchTests.swift */ = {isa = PBXFileReference; lastKnownFileType = sourcecode.swift; path = XCTestLearnUITestsLaunchTests.swift; sourceTree = "<group>"; };
		9F0DAEB22C9BCB8700575121 /* LearnXCUIElementTypeQueryProviderTests.swift */ = {isa = PBXFileReference; lastKnownFileType = sourcecode.swift; path = LearnXCUIElementTypeQueryProviderTests.swift; sourceTree = "<group>"; };
		9F189C732CAE3C1100651DBB /* LearnXCUICoordinatesTests.swift */ = {isa = PBXFileReference; lastKnownFileType = sourcecode.swift; path = LearnXCUICoordinatesTests.swift; sourceTree = "<group>"; };
		9F1A04942CAB9FD90044C721 /* LearnXCUIElementAttributesTests.swift */ = {isa = PBXFileReference; lastKnownFileType = sourcecode.swift; path = LearnXCUIElementAttributesTests.swift; sourceTree = "<group>"; };
		9F1A04962CABA6150044C721 /* LearnXCUIElementSnapshotTests.swift */ = {isa = PBXFileReference; lastKnownFileType = sourcecode.swift; path = LearnXCUIElementSnapshotTests.swift; sourceTree = "<group>"; };
		9F23851E2C72F212006D8B06 /* LearnXCTestExpectation.swift */ = {isa = PBXFileReference; lastKnownFileType = sourcecode.swift; path = LearnXCTestExpectation.swift; sourceTree = "<group>"; };
		9F293F792C992F02005B3DF4 /* LearnXCUIElementQuery.swift */ = {isa = PBXFileReference; lastKnownFileType = sourcecode.swift; path = LearnXCUIElementQuery.swift; sourceTree = "<group>"; };
		9F2A08DD2C4F4FFD00D68F3E /* AsyncTestExpectations.swift */ = {isa = PBXFileReference; lastKnownFileType = sourcecode.swift; path = AsyncTestExpectations.swift; sourceTree = "<group>"; };
		9F8653872C573ED9002C8945 /* WaitingExpectationsTests.swift */ = {isa = PBXFileReference; lastKnownFileType = sourcecode.swift; path = WaitingExpectationsTests.swift; sourceTree = "<group>"; };
		9F87BC2C2C59DB5400A24DA2 /* HandlingUIInteruptions.swift */ = {isa = PBXFileReference; lastKnownFileType = sourcecode.swift; path = HandlingUIInteruptions.swift; sourceTree = "<group>"; };
		9F9BBBFA2C8953E60027E05A /* LearnXCTKeyPathExpectation.swift */ = {isa = PBXFileReference; lastKnownFileType = sourcecode.swift; path = LearnXCTKeyPathExpectation.swift; sourceTree = "<group>"; };
		9F9EEE732CA267EE00F4B01C /* LearnXCUIApplicationTests.swift */ = {isa = PBXFileReference; lastKnownFileType = sourcecode.swift; path = LearnXCUIApplicationTests.swift; sourceTree = "<group>"; };
		9FC29C942C5B2B6E004E4F2E /* CreatingTestsProgramatically.swift */ = {isa = PBXFileReference; lastKnownFileType = sourcecode.swift; path = CreatingTestsProgramatically.swift; sourceTree = "<group>"; };
		9FC29C972C5B3160004E4F2E /* XCTestLearn.swift */ = {isa = PBXFileReference; lastKnownFileType = sourcecode.swift; path = XCTestLearn.swift; sourceTree = "<group>"; };
		9FDC04532CB185D600ADBC5E /* LearnXCUIScreenshotsTest.swift */ = {isa = PBXFileReference; lastKnownFileType = sourcecode.swift; path = LearnXCUIScreenshotsTest.swift; sourceTree = "<group>"; };
		9FDC04552CB1870500ADBC5E /* LearnXCUIDeviceRemoteSimulations.swift */ = {isa = PBXFileReference; lastKnownFileType = sourcecode.swift; path = LearnXCUIDeviceRemoteSimulations.swift; sourceTree = "<group>"; };
		9FDC0C722C8FEC2A002836A0 /* LearnXCTDarwinNotificationExpectation.swift */ = {isa = PBXFileReference; lastKnownFileType = sourcecode.swift; path = LearnXCTDarwinNotificationExpectation.swift; sourceTree = "<group>"; };
		9FDC0C742C8FF154002836A0 /* LearnXCTNSPredicateExpectation.swift */ = {isa = PBXFileReference; lastKnownFileType = sourcecode.swift; path = LearnXCTNSPredicateExpectation.swift; sourceTree = "<group>"; };
		9FED64CD2C86B24000B12A89 /* LearnXCTKVOExpectation.swift */ = {isa = PBXFileReference; lastKnownFileType = sourcecode.swift; path = LearnXCTKVOExpectation.swift; sourceTree = "<group>"; };
		9FEF27442C5C819B00355B67 /* LearnAssertionTests.swift */ = {isa = PBXFileReference; lastKnownFileType = sourcecode.swift; path = LearnAssertionTests.swift; sourceTree = "<group>"; };
		9FEF27462C5C83D100355B67 /* LearnBooleanAssertionTests.swift */ = {isa = PBXFileReference; lastKnownFileType = sourcecode.swift; path = LearnBooleanAssertionTests.swift; sourceTree = "<group>"; };
		9FEF27482C5C871000355B67 /* LearnNilAndNonNilAssertionTests.swift */ = {isa = PBXFileReference; lastKnownFileType = sourcecode.swift; path = LearnNilAndNonNilAssertionTests.swift; sourceTree = "<group>"; };
		9FEF274A2C5C8B4000355B67 /* LearnEqualityAndNonEqualityAssertionTests.swift */ = {isa = PBXFileReference; lastKnownFileType = sourcecode.swift; path = LearnEqualityAndNonEqualityAssertionTests.swift; sourceTree = "<group>"; };
/* End PBXFileReference section */

/* Begin PBXFrameworksBuildPhase section */
		82B1BFF12C059E7200CFF09B /* Frameworks */ = {
			isa = PBXFrameworksBuildPhase;
			buildActionMask = 2147483647;
			files = (
			);
			runOnlyForDeploymentPostprocessing = 0;
		};
		82B1C0112C059E7400CFF09B /* Frameworks */ = {
			isa = PBXFrameworksBuildPhase;
			buildActionMask = 2147483647;
			files = (
			);
			runOnlyForDeploymentPostprocessing = 0;
		};
/* End PBXFrameworksBuildPhase section */

/* Begin PBXGroup section */
		36DCAEEB2CA3B584003968C4 /* UIElements */ = {
			isa = PBXGroup;
			children = (
				36DCAEEC2CA3B5A9003968C4 /* LearnXCUIElementsTests.swift */,
				9F1A04942CAB9FD90044C721 /* LearnXCUIElementAttributesTests.swift */,
				9F1A04962CABA6150044C721 /* LearnXCUIElementSnapshotTests.swift */,
				9F189C732CAE3C1100651DBB /* LearnXCUICoordinatesTests.swift */,
			);
			path = UIElements;
			sourceTree = "<group>";
		};
		82B1BFEB2C059E7200CFF09B = {
			isa = PBXGroup;
			children = (
				824764372C09DC9D00079195 /* XCTestLearn.xctestplan */,
				82B1BFF62C059E7200CFF09B /* XCTestLearn */,
				82B1C00D2C059E7400CFF09B /* XCTestLearnTests */,
				82B1C0172C059E7400CFF09B /* XCTestLearnUITests */,
				82B1BFF52C059E7200CFF09B /* Products */,
			);
			sourceTree = "<group>";
		};
		82B1BFF52C059E7200CFF09B /* Products */ = {
			isa = PBXGroup;
			children = (
				82B1BFF42C059E7200CFF09B /* XCTestLearn.app */,
				82B1C0142C059E7400CFF09B /* XCTestLearnUITests.xctest */,
			);
			name = Products;
			sourceTree = "<group>";
		};
		82B1BFF62C059E7200CFF09B /* XCTestLearn */ = {
			isa = PBXGroup;
			children = (
				82B1BFF72C059E7200CFF09B /* AppDelegate.swift */,
				82B1BFF92C059E7200CFF09B /* SceneDelegate.swift */,
				82B1BFFB2C059E7200CFF09B /* ViewController.swift */,
				82B1BFFD2C059E7200CFF09B /* Main.storyboard */,
				82B1C0002C059E7400CFF09B /* Assets.xcassets */,
				82B1C0022C059E7400CFF09B /* LaunchScreen.storyboard */,
				82B1C0052C059E7400CFF09B /* Info.plist */,
			);
			path = XCTestLearn;
			sourceTree = "<group>";
		};
		82B1C00D2C059E7400CFF09B /* XCTestLearnTests */ = {
			isa = PBXGroup;
			children = (
				9F23851D2C72F1E9006D8B06 /* AsyncTestsExpectations */,
				9F6D44E42C5C80E9001EBCC7 /* TestAssertions */,
				9FC29C962C5B3149004E4F2E /* XCTest */,
				9F2A08DF2C4F501000D68F3E /* XCTestCase */,
			);
			path = XCTestLearnTests;
			sourceTree = "<group>";
		};
		82B1C0172C059E7400CFF09B /* XCTestLearnUITests */ = {
			isa = PBXGroup;
			children = (
				36DCAEEB2CA3B584003968C4 /* UIElements */,
				9F9EEE722CA267CC00F4B01C /* ApplicationLifecycle */,
				9F293F782C992EE4005B3DF4 /* UIElementQueries */,
				9F87BC2B2C59DB3800A24DA2 /* XCTestCase */,
				82B1C0182C059E7400CFF09B /* XCTestLearnUITests.swift */,
				82B1C01A2C059E7400CFF09B /* XCTestLearnUITestsLaunchTests.swift */,
				9FDC04532CB185D600ADBC5E /* LearnXCUIScreenshotsTest.swift */,
				9FDC04552CB1870500ADBC5E /* LearnXCUIDeviceRemoteSimulations.swift */,
			);
			path = XCTestLearnUITests;
			sourceTree = "<group>";
		};
		9F23851D2C72F1E9006D8B06 /* AsyncTestsExpectations */ = {
			isa = PBXGroup;
			children = (
				9F23851E2C72F212006D8B06 /* LearnXCTestExpectation.swift */,
				9FED64CD2C86B24000B12A89 /* LearnXCTKVOExpectation.swift */,
				9F9BBBFA2C8953E60027E05A /* LearnXCTKeyPathExpectation.swift */,
				36E807022C8C12C400A2F499 /* LearnXCTNotificationExpectation.swift */,
				9FDC0C722C8FEC2A002836A0 /* LearnXCTDarwinNotificationExpectation.swift */,
				9FDC0C742C8FF154002836A0 /* LearnXCTNSPredicateExpectation.swift */,
				36C087EC2C914EFE00271114 /* LearnXCTWaiter.swift */,
			);
			path = AsyncTestsExpectations;
			sourceTree = "<group>";
		};
		9F293F782C992EE4005B3DF4 /* UIElementQueries */ = {
			isa = PBXGroup;
			children = (
				9F293F792C992F02005B3DF4 /* LearnXCUIElementQuery.swift */,
				9F0DAEB22C9BCB8700575121 /* LearnXCUIElementTypeQueryProviderTests.swift */,
			);
			path = UIElementQueries;
			sourceTree = "<group>";
		};
		9F2A08DF2C4F501000D68F3E /* XCTestCase */ = {
			isa = PBXGroup;
			children = (
				82B1C00E2C059E7400CFF09B /* XCTestLearnTests.swift */,
				824764352C09D02E00079195 /* ManageExecutionsTests.swift */,
				826DAC752C16B68F00DA50CA /* MesasurePerformanceTests.swift */,
				9F2A08DD2C4F4FFD00D68F3E /* AsyncTestExpectations.swift */,
				9F8653872C573ED9002C8945 /* WaitingExpectationsTests.swift */,
				9FC29C942C5B2B6E004E4F2E /* CreatingTestsProgramatically.swift */,
			);
			path = XCTestCase;
			sourceTree = "<group>";
		};
		9F6D44E42C5C80E9001EBCC7 /* TestAssertions */ = {
			isa = PBXGroup;
			children = (
				9FEF27442C5C819B00355B67 /* LearnAssertionTests.swift */,
				9FEF27462C5C83D100355B67 /* LearnBooleanAssertionTests.swift */,
				9FEF27482C5C871000355B67 /* LearnNilAndNonNilAssertionTests.swift */,
				9FEF274A2C5C8B4000355B67 /* LearnEqualityAndNonEqualityAssertionTests.swift */,
				36C6DE712C5DEFEF00372FCF /* LearnComparableAssertionTests.swift */,
				36C6DE732C5DF9BD00372FCF /* LearnErrorAssertionTests.swift */,
				36C6DE752C5DFC2300372FCF /* LearnUnconditionalFailureTests.swift */,
				36C6DE772C5E03F800372FCF /* LearnExpectedFailuresTests.swift */,
				36D1A7132C5F67E4003F3CA5 /* LearnSkippingMethodTests.swift */,
			);
			path = TestAssertions;
			sourceTree = "<group>";
		};
		9F87BC2B2C59DB3800A24DA2 /* XCTestCase */ = {
			isa = PBXGroup;
			children = (
				9F87BC2C2C59DB5400A24DA2 /* HandlingUIInteruptions.swift */,
			);
			path = XCTestCase;
			sourceTree = "<group>";
		};
		9F9EEE722CA267CC00F4B01C /* ApplicationLifecycle */ = {
			isa = PBXGroup;
			children = (
				9F9EEE732CA267EE00F4B01C /* LearnXCUIApplicationTests.swift */,
			);
			path = ApplicationLifecycle;
			sourceTree = "<group>";
		};
		9FC29C962C5B3149004E4F2E /* XCTest */ = {
			isa = PBXGroup;
			children = (
				9FC29C972C5B3160004E4F2E /* XCTestLearn.swift */,
			);
			path = XCTest;
			sourceTree = "<group>";
		};
/* End PBXGroup section */

/* Begin PBXNativeTarget section */
		82B1BFF32C059E7200CFF09B /* XCTestLearn */ = {
			isa = PBXNativeTarget;
			buildConfigurationList = 82B1C01E2C059E7400CFF09B /* Build configuration list for PBXNativeTarget "XCTestLearn" */;
			buildPhases = (
				82B1BFF02C059E7200CFF09B /* Sources */,
				82B1BFF12C059E7200CFF09B /* Frameworks */,
				82B1BFF22C059E7200CFF09B /* Resources */,
			);
			buildRules = (
			);
			dependencies = (
			);
			name = XCTestLearn;
			productName = XCTestLearn;
			productReference = 82B1BFF42C059E7200CFF09B /* XCTestLearn.app */;
			productType = "com.apple.product-type.application";
		};
		82B1C0132C059E7400CFF09B /* XCTestLearnUITests */ = {
			isa = PBXNativeTarget;
			buildConfigurationList = 82B1C0242C059E7400CFF09B /* Build configuration list for PBXNativeTarget "XCTestLearnUITests" */;
			buildPhases = (
				82B1C0102C059E7400CFF09B /* Sources */,
				82B1C0112C059E7400CFF09B /* Frameworks */,
				82B1C0122C059E7400CFF09B /* Resources */,
			);
			buildRules = (
			);
			dependencies = (
				82B1C0162C059E7400CFF09B /* PBXTargetDependency */,
			);
			name = XCTestLearnUITests;
			productName = XCTestLearnUITests;
			productReference = 82B1C0142C059E7400CFF09B /* XCTestLearnUITests.xctest */;
			productType = "com.apple.product-type.bundle.ui-testing";
		};
/* End PBXNativeTarget section */

/* Begin PBXProject section */
		82B1BFEC2C059E7200CFF09B /* Project object */ = {
			isa = PBXProject;
			attributes = {
				BuildIndependentTargetsInParallel = 1;
				LastSwiftUpdateCheck = 1510;
				LastUpgradeCheck = 1510;
				TargetAttributes = {
					82B1BFF32C059E7200CFF09B = {
						CreatedOnToolsVersion = 15.1;
					};
					82B1C0132C059E7400CFF09B = {
						CreatedOnToolsVersion = 15.1;
						TestTargetID = 82B1BFF32C059E7200CFF09B;
					};
				};
			};
			buildConfigurationList = 82B1BFEF2C059E7200CFF09B /* Build configuration list for PBXProject "XCTestLearn" */;
			compatibilityVersion = "Xcode 14.0";
			developmentRegion = en;
			hasScannedForEncodings = 0;
			knownRegions = (
				en,
				Base,
			);
			mainGroup = 82B1BFEB2C059E7200CFF09B;
			productRefGroup = 82B1BFF52C059E7200CFF09B /* Products */;
			projectDirPath = "";
			projectRoot = "";
			targets = (
				82B1BFF32C059E7200CFF09B /* XCTestLearn */,
				82B1C0132C059E7400CFF09B /* XCTestLearnUITests */,
			);
		};
/* End PBXProject section */

/* Begin PBXResourcesBuildPhase section */
		82B1BFF22C059E7200CFF09B /* Resources */ = {
			isa = PBXResourcesBuildPhase;
			buildActionMask = 2147483647;
			files = (
				82B1C0042C059E7400CFF09B /* LaunchScreen.storyboard in Resources */,
				82B1C0012C059E7400CFF09B /* Assets.xcassets in Resources */,
				82B1BFFF2C059E7200CFF09B /* Main.storyboard in Resources */,
			);
			runOnlyForDeploymentPostprocessing = 0;
		};
		82B1C0122C059E7400CFF09B /* Resources */ = {
			isa = PBXResourcesBuildPhase;
			buildActionMask = 2147483647;
			files = (
			);
			runOnlyForDeploymentPostprocessing = 0;
		};
/* End PBXResourcesBuildPhase section */

/* Begin PBXSourcesBuildPhase section */
		82B1BFF02C059E7200CFF09B /* Sources */ = {
			isa = PBXSourcesBuildPhase;
			buildActionMask = 2147483647;
			files = (
				82B1BFFC2C059E7200CFF09B /* ViewController.swift in Sources */,
				82B1BFF82C059E7200CFF09B /* AppDelegate.swift in Sources */,
				82B1BFFA2C059E7200CFF09B /* SceneDelegate.swift in Sources */,
			);
			runOnlyForDeploymentPostprocessing = 0;
		};
		82B1C0102C059E7400CFF09B /* Sources */ = {
			isa = PBXSourcesBuildPhase;
			buildActionMask = 2147483647;
			files = (
				36C6DE762C5DFC2300372FCF /* LearnUnconditionalFailureTests.swift in Sources */,
				9FEF27492C5C871000355B67 /* LearnNilAndNonNilAssertionTests.swift in Sources */,
				9FEF27472C5C83D100355B67 /* LearnBooleanAssertionTests.swift in Sources */,
				9FC29C952C5B2B6E004E4F2E /* CreatingTestsProgramatically.swift in Sources */,
				36D1A7142C5F67E4003F3CA5 /* LearnSkippingMethodTests.swift in Sources */,
				9F8653882C573ED9002C8945 /* WaitingExpectationsTests.swift in Sources */,
				36C6DE742C5DF9BD00372FCF /* LearnErrorAssertionTests.swift in Sources */,
				82B1C01B2C059E7400CFF09B /* XCTestLearnUITestsLaunchTests.swift in Sources */,
				36DCAEED2CA3B5A9003968C4 /* LearnXCUIElementsTests.swift in Sources */,
				9F1A04952CAB9FD90044C721 /* LearnXCUIElementAttributesTests.swift in Sources */,
				9F23851F2C72F212006D8B06 /* LearnXCTestExpectation.swift in Sources */,
				9FDC04542CB185D600ADBC5E /* LearnXCUIScreenshotsTest.swift in Sources */,
				9F293F7A2C992F02005B3DF4 /* LearnXCUIElementQuery.swift in Sources */,
				9FC29C982C5B3160004E4F2E /* XCTestLearn.swift in Sources */,
				36C087ED2C914EFE00271114 /* LearnXCTWaiter.swift in Sources */,
				9FDC04562CB1870500ADBC5E /* LearnXCUIDeviceRemoteSimulations.swift in Sources */,
				36C6DE722C5DEFEF00372FCF /* LearnComparableAssertionTests.swift in Sources */,
				36E807032C8C12C400A2F499 /* LearnXCTNotificationExpectation.swift in Sources */,
				9FDC0C752C8FF154002836A0 /* LearnXCTNSPredicateExpectation.swift in Sources */,
				9FEF27452C5C819B00355B67 /* LearnAssertionTests.swift in Sources */,
				9F9BBBFB2C8953E60027E05A /* LearnXCTKeyPathExpectation.swift in Sources */,
				9F189C742CAE3C1100651DBB /* LearnXCUICoordinatesTests.swift in Sources */,
				9FEF274B2C5C8B4000355B67 /* LearnEqualityAndNonEqualityAssertionTests.swift in Sources */,
				9F9EEE742CA267EE00F4B01C /* LearnXCUIApplicationTests.swift in Sources */,
				9F0DAEB32C9BCB8700575121 /* LearnXCUIElementTypeQueryProviderTests.swift in Sources */,
				9FDC0C732C8FEC2A002836A0 /* LearnXCTDarwinNotificationExpectation.swift in Sources */,
				9F87BC2D2C59DB5400A24DA2 /* HandlingUIInteruptions.swift in Sources */,
				9FED64CE2C86B24000B12A89 /* LearnXCTKVOExpectation.swift in Sources */,
				36C6DE782C5E03F800372FCF /* LearnExpectedFailuresTests.swift in Sources */,
				9F1A04972CABA6150044C721 /* LearnXCUIElementSnapshotTests.swift in Sources */,
				82B1C0192C059E7400CFF09B /* XCTestLearnUITests.swift in Sources */,
			);
			runOnlyForDeploymentPostprocessing = 0;
		};
/* End PBXSourcesBuildPhase section */

/* Begin PBXTargetDependency section */
		82B1C0162C059E7400CFF09B /* PBXTargetDependency */ = {
			isa = PBXTargetDependency;
			target = 82B1BFF32C059E7200CFF09B /* XCTestLearn */;
			targetProxy = 82B1C0152C059E7400CFF09B /* PBXContainerItemProxy */;
		};
/* End PBXTargetDependency section */

/* Begin PBXVariantGroup section */
		82B1BFFD2C059E7200CFF09B /* Main.storyboard */ = {
			isa = PBXVariantGroup;
			children = (
				82B1BFFE2C059E7200CFF09B /* Base */,
			);
			name = Main.storyboard;
			sourceTree = "<group>";
		};
		82B1C0022C059E7400CFF09B /* LaunchScreen.storyboard */ = {
			isa = PBXVariantGroup;
			children = (
				82B1C0032C059E7400CFF09B /* Base */,
			);
			name = LaunchScreen.storyboard;
			sourceTree = "<group>";
		};
/* End PBXVariantGroup section */

/* Begin XCBuildConfiguration section */
		82B1C01C2C059E7400CFF09B /* Debug */ = {
			isa = XCBuildConfiguration;
			buildSettings = {
				ALWAYS_SEARCH_USER_PATHS = NO;
				ASSETCATALOG_COMPILER_GENERATE_SWIFT_ASSET_SYMBOL_EXTENSIONS = YES;
				CLANG_ANALYZER_NONNULL = YES;
				CLANG_ANALYZER_NUMBER_OBJECT_CONVERSION = YES_AGGRESSIVE;
				CLANG_CXX_LANGUAGE_STANDARD = "gnu++20";
				CLANG_ENABLE_MODULES = YES;
				CLANG_ENABLE_OBJC_ARC = YES;
				CLANG_ENABLE_OBJC_WEAK = YES;
				CLANG_WARN_BLOCK_CAPTURE_AUTORELEASING = YES;
				CLANG_WARN_BOOL_CONVERSION = YES;
				CLANG_WARN_COMMA = YES;
				CLANG_WARN_CONSTANT_CONVERSION = YES;
				CLANG_WARN_DEPRECATED_OBJC_IMPLEMENTATIONS = YES;
				CLANG_WARN_DIRECT_OBJC_ISA_USAGE = YES_ERROR;
				CLANG_WARN_DOCUMENTATION_COMMENTS = YES;
				CLANG_WARN_EMPTY_BODY = YES;
				CLANG_WARN_ENUM_CONVERSION = YES;
				CLANG_WARN_INFINITE_RECURSION = YES;
				CLANG_WARN_INT_CONVERSION = YES;
				CLANG_WARN_NON_LITERAL_NULL_CONVERSION = YES;
				CLANG_WARN_OBJC_IMPLICIT_RETAIN_SELF = YES;
				CLANG_WARN_OBJC_LITERAL_CONVERSION = YES;
				CLANG_WARN_OBJC_ROOT_CLASS = YES_ERROR;
				CLANG_WARN_QUOTED_INCLUDE_IN_FRAMEWORK_HEADER = YES;
				CLANG_WARN_RANGE_LOOP_ANALYSIS = YES;
				CLANG_WARN_STRICT_PROTOTYPES = YES;
				CLANG_WARN_SUSPICIOUS_MOVE = YES;
				CLANG_WARN_UNGUARDED_AVAILABILITY = YES_AGGRESSIVE;
				CLANG_WARN_UNREACHABLE_CODE = YES;
				CLANG_WARN__DUPLICATE_METHOD_MATCH = YES;
				COPY_PHASE_STRIP = NO;
				DEBUG_INFORMATION_FORMAT = dwarf;
				ENABLE_STRICT_OBJC_MSGSEND = YES;
				ENABLE_TESTABILITY = YES;
				ENABLE_USER_SCRIPT_SANDBOXING = YES;
				GCC_C_LANGUAGE_STANDARD = gnu17;
				GCC_DYNAMIC_NO_PIC = NO;
				GCC_NO_COMMON_BLOCKS = YES;
				GCC_OPTIMIZATION_LEVEL = 0;
				GCC_PREPROCESSOR_DEFINITIONS = (
					"DEBUG=1",
					"$(inherited)",
				);
				GCC_WARN_64_TO_32_BIT_CONVERSION = YES;
				GCC_WARN_ABOUT_RETURN_TYPE = YES_ERROR;
				GCC_WARN_UNDECLARED_SELECTOR = YES;
				GCC_WARN_UNINITIALIZED_AUTOS = YES_AGGRESSIVE;
				GCC_WARN_UNUSED_FUNCTION = YES;
				GCC_WARN_UNUSED_VARIABLE = YES;
				IPHONEOS_DEPLOYMENT_TARGET = 17.2;
				LOCALIZATION_PREFERS_STRING_CATALOGS = YES;
				MTL_ENABLE_DEBUG_INFO = INCLUDE_SOURCE;
				MTL_FAST_MATH = YES;
				ONLY_ACTIVE_ARCH = YES;
				SDKROOT = iphoneos;
				SWIFT_ACTIVE_COMPILATION_CONDITIONS = "DEBUG $(inherited)";
				SWIFT_OPTIMIZATION_LEVEL = "-Onone";
			};
			name = Debug;
		};
		82B1C01D2C059E7400CFF09B /* Release */ = {
			isa = XCBuildConfiguration;
			buildSettings = {
				ALWAYS_SEARCH_USER_PATHS = NO;
				ASSETCATALOG_COMPILER_GENERATE_SWIFT_ASSET_SYMBOL_EXTENSIONS = YES;
				CLANG_ANALYZER_NONNULL = YES;
				CLANG_ANALYZER_NUMBER_OBJECT_CONVERSION = YES_AGGRESSIVE;
				CLANG_CXX_LANGUAGE_STANDARD = "gnu++20";
				CLANG_ENABLE_MODULES = YES;
				CLANG_ENABLE_OBJC_ARC = YES;
				CLANG_ENABLE_OBJC_WEAK = YES;
				CLANG_WARN_BLOCK_CAPTURE_AUTORELEASING = YES;
				CLANG_WARN_BOOL_CONVERSION = YES;
				CLANG_WARN_COMMA = YES;
				CLANG_WARN_CONSTANT_CONVERSION = YES;
				CLANG_WARN_DEPRECATED_OBJC_IMPLEMENTATIONS = YES;
				CLANG_WARN_DIRECT_OBJC_ISA_USAGE = YES_ERROR;
				CLANG_WARN_DOCUMENTATION_COMMENTS = YES;
				CLANG_WARN_EMPTY_BODY = YES;
				CLANG_WARN_ENUM_CONVERSION = YES;
				CLANG_WARN_INFINITE_RECURSION = YES;
				CLANG_WARN_INT_CONVERSION = YES;
				CLANG_WARN_NON_LITERAL_NULL_CONVERSION = YES;
				CLANG_WARN_OBJC_IMPLICIT_RETAIN_SELF = YES;
				CLANG_WARN_OBJC_LITERAL_CONVERSION = YES;
				CLANG_WARN_OBJC_ROOT_CLASS = YES_ERROR;
				CLANG_WARN_QUOTED_INCLUDE_IN_FRAMEWORK_HEADER = YES;
				CLANG_WARN_RANGE_LOOP_ANALYSIS = YES;
				CLANG_WARN_STRICT_PROTOTYPES = YES;
				CLANG_WARN_SUSPICIOUS_MOVE = YES;
				CLANG_WARN_UNGUARDED_AVAILABILITY = YES_AGGRESSIVE;
				CLANG_WARN_UNREACHABLE_CODE = YES;
				CLANG_WARN__DUPLICATE_METHOD_MATCH = YES;
				COPY_PHASE_STRIP = NO;
				DEBUG_INFORMATION_FORMAT = "dwarf-with-dsym";
				ENABLE_NS_ASSERTIONS = NO;
				ENABLE_STRICT_OBJC_MSGSEND = YES;
				ENABLE_USER_SCRIPT_SANDBOXING = YES;
				GCC_C_LANGUAGE_STANDARD = gnu17;
				GCC_NO_COMMON_BLOCKS = YES;
				GCC_WARN_64_TO_32_BIT_CONVERSION = YES;
				GCC_WARN_ABOUT_RETURN_TYPE = YES_ERROR;
				GCC_WARN_UNDECLARED_SELECTOR = YES;
				GCC_WARN_UNINITIALIZED_AUTOS = YES_AGGRESSIVE;
				GCC_WARN_UNUSED_FUNCTION = YES;
				GCC_WARN_UNUSED_VARIABLE = YES;
				IPHONEOS_DEPLOYMENT_TARGET = 17.2;
				LOCALIZATION_PREFERS_STRING_CATALOGS = YES;
				MTL_ENABLE_DEBUG_INFO = NO;
				MTL_FAST_MATH = YES;
				SDKROOT = iphoneos;
				SWIFT_COMPILATION_MODE = wholemodule;
				VALIDATE_PRODUCT = YES;
			};
			name = Release;
		};
		82B1C01F2C059E7400CFF09B /* Debug */ = {
			isa = XCBuildConfiguration;
			buildSettings = {
				ASSETCATALOG_COMPILER_APPICON_NAME = AppIcon;
				ASSETCATALOG_COMPILER_GLOBAL_ACCENT_COLOR_NAME = AccentColor;
				CODE_SIGN_STYLE = Automatic;
				CURRENT_PROJECT_VERSION = 1;
				DEVELOPMENT_TEAM = QRX759NZVR;
				GENERATE_INFOPLIST_FILE = YES;
				INFOPLIST_FILE = XCTestLearn/Info.plist;
				INFOPLIST_KEY_UIApplicationSupportsIndirectInputEvents = YES;
				INFOPLIST_KEY_UILaunchStoryboardName = LaunchScreen;
				INFOPLIST_KEY_UIMainStoryboardFile = Main;
				INFOPLIST_KEY_UISupportedInterfaceOrientations_iPad = "UIInterfaceOrientationPortrait UIInterfaceOrientationPortraitUpsideDown UIInterfaceOrientationLandscapeLeft UIInterfaceOrientationLandscapeRight";
				INFOPLIST_KEY_UISupportedInterfaceOrientations_iPhone = "UIInterfaceOrientationPortrait UIInterfaceOrientationLandscapeLeft UIInterfaceOrientationLandscapeRight";
				LD_RUNPATH_SEARCH_PATHS = (
					"$(inherited)",
					"@executable_path/Frameworks",
				);
				MARKETING_VERSION = 1.0;
				PRODUCT_BUNDLE_IDENTIFIER = kapil.shanbhag.XCTestLearn;
				PRODUCT_NAME = "$(TARGET_NAME)";
				SWIFT_EMIT_LOC_STRINGS = YES;
				SWIFT_VERSION = 5.0;
				TARGETED_DEVICE_FAMILY = "1,2";
			};
			name = Debug;
		};
		82B1C0202C059E7400CFF09B /* Release */ = {
			isa = XCBuildConfiguration;
			buildSettings = {
				ASSETCATALOG_COMPILER_APPICON_NAME = AppIcon;
				ASSETCATALOG_COMPILER_GLOBAL_ACCENT_COLOR_NAME = AccentColor;
				CODE_SIGN_STYLE = Automatic;
				CURRENT_PROJECT_VERSION = 1;
				DEVELOPMENT_TEAM = QRX759NZVR;
				GENERATE_INFOPLIST_FILE = YES;
				INFOPLIST_FILE = XCTestLearn/Info.plist;
				INFOPLIST_KEY_UIApplicationSupportsIndirectInputEvents = YES;
				INFOPLIST_KEY_UILaunchStoryboardName = LaunchScreen;
				INFOPLIST_KEY_UIMainStoryboardFile = Main;
				INFOPLIST_KEY_UISupportedInterfaceOrientations_iPad = "UIInterfaceOrientationPortrait UIInterfaceOrientationPortraitUpsideDown UIInterfaceOrientationLandscapeLeft UIInterfaceOrientationLandscapeRight";
				INFOPLIST_KEY_UISupportedInterfaceOrientations_iPhone = "UIInterfaceOrientationPortrait UIInterfaceOrientationLandscapeLeft UIInterfaceOrientationLandscapeRight";
				LD_RUNPATH_SEARCH_PATHS = (
					"$(inherited)",
					"@executable_path/Frameworks",
				);
				MARKETING_VERSION = 1.0;
				PRODUCT_BUNDLE_IDENTIFIER = kapil.shanbhag.XCTestLearn;
				PRODUCT_NAME = "$(TARGET_NAME)";
				SWIFT_EMIT_LOC_STRINGS = YES;
				SWIFT_VERSION = 5.0;
				TARGETED_DEVICE_FAMILY = "1,2";
			};
			name = Release;
		};
		82B1C0252C059E7400CFF09B /* Debug */ = {
			isa = XCBuildConfiguration;
			buildSettings = {
				ALWAYS_EMBED_SWIFT_STANDARD_LIBRARIES = YES;
				CODE_SIGN_STYLE = Automatic;
				CURRENT_PROJECT_VERSION = 1;
				DEVELOPMENT_TEAM = QRX759NZVR;
				GENERATE_INFOPLIST_FILE = YES;
				MARKETING_VERSION = 1.0;
				PRODUCT_BUNDLE_IDENTIFIER = kapil.shanbhag.XCTestLearnUITests;
				PRODUCT_NAME = "$(TARGET_NAME)";
				SWIFT_EMIT_LOC_STRINGS = NO;
				SWIFT_VERSION = 5.0;
				TARGETED_DEVICE_FAMILY = "1,2";
				TEST_TARGET_NAME = XCTestLearn;
			};
			name = Debug;
		};
		82B1C0262C059E7400CFF09B /* Release */ = {
			isa = XCBuildConfiguration;
			buildSettings = {
				ALWAYS_EMBED_SWIFT_STANDARD_LIBRARIES = YES;
				CODE_SIGN_STYLE = Automatic;
				CURRENT_PROJECT_VERSION = 1;
				DEVELOPMENT_TEAM = QRX759NZVR;
				GENERATE_INFOPLIST_FILE = YES;
				MARKETING_VERSION = 1.0;
				PRODUCT_BUNDLE_IDENTIFIER = kapil.shanbhag.XCTestLearnUITests;
				PRODUCT_NAME = "$(TARGET_NAME)";
				SWIFT_EMIT_LOC_STRINGS = NO;
				SWIFT_VERSION = 5.0;
				TARGETED_DEVICE_FAMILY = "1,2";
				TEST_TARGET_NAME = XCTestLearn;
			};
			name = Release;
		};
/* End XCBuildConfiguration section */

/* Begin XCConfigurationList section */
		82B1BFEF2C059E7200CFF09B /* Build configuration list for PBXProject "XCTestLearn" */ = {
			isa = XCConfigurationList;
			buildConfigurations = (
				82B1C01C2C059E7400CFF09B /* Debug */,
				82B1C01D2C059E7400CFF09B /* Release */,
			);
			defaultConfigurationIsVisible = 0;
			defaultConfigurationName = Release;
		};
		82B1C01E2C059E7400CFF09B /* Build configuration list for PBXNativeTarget "XCTestLearn" */ = {
			isa = XCConfigurationList;
			buildConfigurations = (
				82B1C01F2C059E7400CFF09B /* Debug */,
				82B1C0202C059E7400CFF09B /* Release */,
			);
			defaultConfigurationIsVisible = 0;
			defaultConfigurationName = Release;
		};
		82B1C0242C059E7400CFF09B /* Build configuration list for PBXNativeTarget "XCTestLearnUITests" */ = {
			isa = XCConfigurationList;
			buildConfigurations = (
				82B1C0252C059E7400CFF09B /* Debug */,
				82B1C0262C059E7400CFF09B /* Release */,
			);
			defaultConfigurationIsVisible = 0;
			defaultConfigurationName = Release;
		};
/* End XCConfigurationList section */
	};
	rootObject = 82B1BFEC2C059E7200CFF09B /* Project object */;
}
